
Microsoft Visual Studio Solution File, Format Version 12.00
# Visual Studio Version 17
VisualStudioVersion = 17.0.32014.148
MinimumVisualStudioVersion = 10.0.40219.1
Project("{FAE04EC0-301F-11D3-BF4B-00C04F79EFBC}") = "dotnet-POO-RPG", "dotnet-POO-RPG\dotnet-POO-RPG.csproj", "{DE514CA9-4565-498A-87C0-BFB585E0DCB8}"
EndProject
Global
	GlobalSection(SolutionConfigurationPlatforms) = preSolution
		Debug|Any CPU = Debug|Any CPU
		Release|Any CPU = Release|Any CPU
	EndGlobalSection
	GlobalSection(ProjectConfigurationPlatforms) = postSolution
		{DE514CA9-4565-498A-87C0-BFB585E0DCB8}.Debug|Any CPU.ActiveCfg = Debug|Any CPU
		{DE514CA9-4565-498A-87C0-BFB585E0DCB8}.Debug|Any CPU.Build.0 = Debug|Any CPU
		{DE514CA9-4565-498A-87C0-BFB585E0DCB8}.Release|Any CPU.ActiveCfg = Release|Any CPU
		{DE514CA9-4565-498A-87C0-BFB585E0DCB8}.Release|Any CPU.Build.0 = Release|Any CPU
	EndGlobalSection
	GlobalSection(SolutionProperties) = preSolution
		HideSolutionNode = FALSE
	EndGlobalSection
	GlobalSection(ExtensibilityGlobals) = postSolution
		SolutionGuid = {750D1040-A04B-4DB9-9049-02A455A90F28}
	EndGlobalSection
EndGlobal
